
Microsoft Visual Studio Solution File, Format Version 12.00
# Visual Studio Version 17
VisualStudioVersion = 17.5.002.0
MinimumVisualStudioVersion = 10.0.40219.1
Project("{9A19103F-16F7-4668-BE54-9A1E7A4F7556}") = "Day3", "Day3.csproj", "{60C8299D-C59C-478D-88A7-212AD6D57829}"
EndProject
Global
	GlobalSection(SolutionConfigurationPlatforms) = preSolution
		Debug|Any CPU = Debug|Any CPU
		Release|Any CPU = Release|Any CPU
	EndGlobalSection
	GlobalSection(ProjectConfigurationPlatforms) = postSolution
		{60C8299D-C59C-478D-88A7-212AD6D57829}.Debug|Any CPU.ActiveCfg = Debug|Any CPU
		{60C8299D-C59C-478D-88A7-212AD6D57829}.Debug|Any CPU.Build.0 = Debug|Any CPU
		{60C8299D-C59C-478D-88A7-212AD6D57829}.Release|Any CPU.ActiveCfg = Release|Any CPU
		{60C8299D-C59C-478D-88A7-212AD6D57829}.Release|Any CPU.Build.0 = Release|Any CPU
	EndGlobalSection
	GlobalSection(SolutionProperties) = preSolution
		HideSolutionNode = FALSE
	EndGlobalSection
	GlobalSection(ExtensibilityGlobals) = postSolution
		SolutionGuid = {19B2C441-FB04-459E-92E2-92227F31E11C}
	EndGlobalSection
EndGlobal
